
Microsoft Visual Studio Solution File, Format Version 12.00
# Visual Studio Version 17
VisualStudioVersion = 17.0.31808.319
MinimumVisualStudioVersion = 10.0.40219.1
Project("{FAE04EC0-301F-11D3-BF4B-00C04F79EFBC}") = "ConsoleApp2", "ConsoleApp2\ConsoleApp2.csproj", "{4649729D-3A93-4CB2-8260-F1A1F66EC88C}"
EndProject
Global
	GlobalSection(SolutionConfigurationPlatforms) = preSolution
		Debug|Any CPU = Debug|Any CPU
		Release|Any CPU = Release|Any CPU
	EndGlobalSection
	GlobalSection(ProjectConfigurationPlatforms) = postSolution
		{4649729D-3A93-4CB2-8260-F1A1F66EC88C}.Debug|Any CPU.ActiveCfg = Debug|Any CPU
		{4649729D-3A93-4CB2-8260-F1A1F66EC88C}.Debug|Any CPU.Build.0 = Debug|Any CPU
		{4649729D-3A93-4CB2-8260-F1A1F66EC88C}.Release|Any CPU.ActiveCfg = Release|Any CPU
		{4649729D-3A93-4CB2-8260-F1A1F66EC88C}.Release|Any CPU.Build.0 = Release|Any CPU
	EndGlobalSection
	GlobalSection(SolutionProperties) = preSolution
		HideSolutionNode = FALSE
	EndGlobalSection
	GlobalSection(ExtensibilityGlobals) = postSolution
		SolutionGuid = {54B9EA27-34A1-474E-B822-6E913A96AEAA}
	EndGlobalSection
EndGlobal
