
Microsoft Visual Studio Solution File, Format Version 12.00
# Visual Studio Version 17
VisualStudioVersion = 17.0.31808.319
MinimumVisualStudioVersion = 10.0.40219.1
Project("{FAE04EC0-301F-11D3-BF4B-00C04F79EFBC}") = "newTansk2", "newTansk2\newTansk2.csproj", "{57C2FE80-04F9-4B54-8687-2AF794D6458E}"
EndProject
Global
	GlobalSection(SolutionConfigurationPlatforms) = preSolution
		Debug|Any CPU = Debug|Any CPU
		Release|Any CPU = Release|Any CPU
	EndGlobalSection
	GlobalSection(ProjectConfigurationPlatforms) = postSolution
		{57C2FE80-04F9-4B54-8687-2AF794D6458E}.Debug|Any CPU.ActiveCfg = Debug|Any CPU
		{57C2FE80-04F9-4B54-8687-2AF794D6458E}.Debug|Any CPU.Build.0 = Debug|Any CPU
		{57C2FE80-04F9-4B54-8687-2AF794D6458E}.Release|Any CPU.ActiveCfg = Release|Any CPU
		{57C2FE80-04F9-4B54-8687-2AF794D6458E}.Release|Any CPU.Build.0 = Release|Any CPU
	EndGlobalSection
	GlobalSection(SolutionProperties) = preSolution
		HideSolutionNode = FALSE
	EndGlobalSection
	GlobalSection(ExtensibilityGlobals) = postSolution
		SolutionGuid = {91663F75-4E80-44B6-947E-29C76F293340}
	EndGlobalSection
EndGlobal
